<?xml version="1.0" encoding="utf-8"?>
<Project ToolsVersion="4.0" xmlns="http://schemas.microsoft.com/developer/msbuild/2003">
  <ItemGroup>
    <Filter Include="UIlib">
      <UniqueIdentifier>{4d5b3d34-8156-4352-ac33-3dc29597fd99}</UniqueIdentifier>
    </Filter>
    <Filter Include="util">
      <UniqueIdentifier>{5516e8c8-02b7-48b2-a7ed-dee455fc442c}</UniqueIdentifier>
    </Filter>
    <Filter Include="TestApp">
      <UniqueIdentifier>{da419723-df32-47b8-bd26-b2ad3d454f0a}</UniqueIdentifier>
    </Filter>
  </ItemGroup>
  <ItemGroup>
    <ClInclude Include="UIlib\StdAfx.h">
      <Filter>UIlib</Filter>
    </ClInclude>
    <ClInclude Include="UIlib\UIActiveX.h">
      <Filter>UIlib</Filter>
    </ClInclude>
    <ClInclude Include="UIlib\UIAnim.h">
      <Filter>UIlib</Filter>
    </ClInclude>
    <ClInclude Include="UIlib\UIBase.h">
      <Filter>UIlib</Filter>
    </ClInclude>
    <ClInclude Include="UIlib\UIBlue.h">
      <Filter>UIlib</Filter>
    </ClInclude>
    <ClInclude Include="UIlib\UIButton.h">
      <Filter>UIlib</Filter>
    </ClInclude>
    <ClInclude Include="UIlib\UICombo.h">
      <Filter>UIlib</Filter>
    </ClInclude>
    <ClInclude Include="UIlib\UIContainer.h">
      <Filter>UIlib</Filter>
    </ClInclude>
    <ClInclude Include="UIlib\UIDecoration.h">
      <Filter>UIlib</Filter>
    </ClInclude>
    <ClInclude Include="UIlib\UIDlgBuilder.h">
      <Filter>UIlib</Filter>
    </ClInclude>
    <ClInclude Include="UIlib\UIEdit.h">
      <Filter>UIlib</Filter>
    </ClInclude>
    <ClInclude Include="UIlib\UILabel.h">
      <Filter>UIlib</Filter>
    </ClInclude>
    <ClInclude Include="UIlib\UIlib.h">
      <Filter>UIlib</Filter>
    </ClInclude>
    <ClInclude Include="UIlib\UIList.h">
      <Filter>UIlib</Filter>
    </ClInclude>
    <ClInclude Include="UIlib\UIManager.h">
      <Filter>UIlib</Filter>
    </ClInclude>
    <ClInclude Include="UIlib\UIMarkup.h">
      <Filter>UIlib</Filter>
    </ClInclude>
    <ClInclude Include="UIlib\UIPanel.h">
      <Filter>UIlib</Filter>
    </ClInclude>
    <ClInclude Include="UIlib\UITab.h">
      <Filter>UIlib</Filter>
    </ClInclude>
    <ClInclude Include="UIlib\UITool.h">
      <Filter>UIlib</Filter>
    </ClInclude>
    <ClInclude Include="util\WinUtil.h">
      <Filter>util</Filter>
    </ClInclude>
    <ClInclude Include="util\BaseUtil.h">
      <Filter>util</Filter>
    </ClInclude>
    <ClInclude Include="util\FileUtil.h">
      <Filter>util</Filter>
    </ClInclude>
    <ClInclude Include="util\Http.h">
      <Filter>util</Filter>
    </ClInclude>
    <ClInclude Include="util\SettingsParser.h">
      <Filter>util</Filter>
    </ClInclude>
    <ClInclude Include="util\StrUtil.h">
      <Filter>util</Filter>
    </ClInclude>
    <ClInclude Include="util\Vec.h">
      <Filter>util</Filter>
    </ClInclude>
    <ClInclude Include="util\WinUtf8.h">
      <Filter>util</Filter>
    </ClInclude>
    <ClInclude Include="TestApp\Views.h">
      <Filter>TestApp</Filter>
    </ClInclude>
    <ClInclude Include="TestApp\resource.h">
      <Filter>TestApp</Filter>
    </ClInclude>
    <ClInclude Include="TestApp\StdAfx.h">
      <Filter>TestApp</Filter>
    </ClInclude>
  </ItemGroup>
  <ItemGroup>
    <ClCompile Include="UIlib\UIActiveX.cpp">
      <Filter>UIlib</Filter>
    </ClCompile>
    <ClCompile Include="UIlib\UIAnim.cpp">
      <Filter>UIlib</Filter>
    </ClCompile>
    <ClCompile Include="UIlib\UIBase.cpp">
      <Filter>UIlib</Filter>
    </ClCompile>
    <ClCompile Include="UIlib\UIBlue.cpp">
      <Filter>UIlib</Filter>
    </ClCompile>
    <ClCompile Include="UIlib\UIButton.cpp">
      <Filter>UIlib</Filter>
    </ClCompile>
    <ClCompile Include="UIlib\UICombo.cpp">
      <Filter>UIlib</Filter>
    </ClCompile>
    <ClCompile Include="UIlib\UIContainer.cpp">
      <Filter>UIlib</Filter>
    </ClCompile>
    <ClCompile Include="UIlib\UIDecoration.cpp">
      <Filter>UIlib</Filter>
    </ClCompile>
    <ClCompile Include="UIlib\UIDlgBuilder.cpp">
      <Filter>UIlib</Filter>
    </ClCompile>
    <ClCompile Include="UIlib\UIEdit.cpp">
      <Filter>UIlib</Filter>
    </ClCompile>
    <ClCompile Include="UIlib\UILabel.cpp">
      <Filter>UIlib</Filter>
    </ClCompile>
    <ClCompile Include="UIlib\UIlib.cpp">
      <Filter>UIlib</Filter>
    </ClCompile>
    <ClCompile Include="UIlib\UIList.cpp">
      <Filter>UIlib</Filter>
    </ClCompile>
    <ClCompile Include="UIlib\UIManager.cpp">
      <Filter>UIlib</Filter>
    </ClCompile>
    <ClCompile Include="UIlib\UIMarkup.cpp">
      <Filter>UIlib</Filter>
    </ClCompile>
    <ClCompile Include="UIlib\UIPanel.cpp">
      <Filter>UIlib</Filter>
    </ClCompile>
    <ClCompile Include="UIlib\UITab.cpp">
      <Filter>UIlib</Filter>
    </ClCompile>
    <ClCompile Include="UIlib\UITool.cpp">
      <Filter>UIlib</Filter>
    </ClCompile>
    <ClCompile Include="util\FileUtil.cpp">
      <Filter>util</Filter>
    </ClCompile>
    <ClCompile Include="util\Http.cpp">
      <Filter>util</Filter>
    </ClCompile>
    <ClCompile Include="util\SettingsParser.cpp">
      <Filter>util</Filter>
    </ClCompile>
    <ClCompile Include="util\StrUtil.cpp">
      <Filter>util</Filter>
    </ClCompile>
    <ClCompile Include="util\WinUtf8.cpp">
      <Filter>util</Filter>
    </ClCompile>
    <ClCompile Include="TestApp\StdAfx.cpp">
      <Filter>TestApp</Filter>
    </ClCompile>
    <ClCompile Include="TestApp\TestApp.cpp">
      <Filter>TestApp</Filter>
    </ClCompile>
    <ClCompile Include="TestApp\Views.cpp">
      <Filter>TestApp</Filter>
    </ClCompile>
  </ItemGroup>
  <ItemGroup>
    <ResourceCompile Include="TestApp\DirectUI.rc">
      <Filter>TestApp</Filter>
    </ResourceCompile>
    <ResourceCompile Include="TestApp\TestApp.manifest.rc">
      <Filter>TestApp</Filter>
    </ResourceCompile>
  </ItemGroup>
  <ItemGroup>
    <Manifest Include="TestApp\TestApp.exe.manifest">
      <Filter>TestApp</Filter>
    </Manifest>
  </ItemGroup>
</Project>